
Microsoft Visual Studio Solution File, Format Version 12.00
# Visual Studio Version 17
VisualStudioVersion = 17.6.33723.286
MinimumVisualStudioVersion = 10.0.40219.1
Project("{FAE04EC0-301F-11D3-BF4B-00C04F79EFBC}") = "Ultimo_Git", "Ultimo_Git\Ultimo_Git.csproj", "{5796E4C7-F077-4776-B2F4-54AD8B18BE91}"
EndProject
Global
	GlobalSection(SolutionConfigurationPlatforms) = preSolution
		Debug|Any CPU = Debug|Any CPU
		Release|Any CPU = Release|Any CPU
	EndGlobalSection
	GlobalSection(ProjectConfigurationPlatforms) = postSolution
		{5796E4C7-F077-4776-B2F4-54AD8B18BE91}.Debug|Any CPU.ActiveCfg = Debug|Any CPU
		{5796E4C7-F077-4776-B2F4-54AD8B18BE91}.Debug|Any CPU.Build.0 = Debug|Any CPU
		{5796E4C7-F077-4776-B2F4-54AD8B18BE91}.Release|Any CPU.ActiveCfg = Release|Any CPU
		{5796E4C7-F077-4776-B2F4-54AD8B18BE91}.Release|Any CPU.Build.0 = Release|Any CPU
	EndGlobalSection
	GlobalSection(SolutionProperties) = preSolution
		HideSolutionNode = FALSE
	EndGlobalSection
	GlobalSection(ExtensibilityGlobals) = postSolution
		SolutionGuid = {2D7BD0D2-C47E-495C-87EA-83AB6660E6E0}
	EndGlobalSection
EndGlobal
